// !$*UTF8*$!
{
	archiveVersion = 1;
	classes = {
	};
	objectVersion = 46;
	objects = {

/* Begin PBXBuildFile section */
		EA04BDD5172E8BEA00ED8235 /* LockOpen.png in Resources */ = {isa = PBXBuildFile; fileRef = EA04BDD4172E8BEA00ED8235 /* LockOpen.png */; };
		EA04BDD9172E917100ED8235 /* Clock.png in Resources */ = {isa = PBXBuildFile; fileRef = EA04BDD8172E917100ED8235 /* Clock.png */; };
		EA0FA045173841D500579777 /* CoreLocation.framework in Frameworks */ = {isa = PBXBuildFile; fileRef = EA0FA044173841D500579777 /* CoreLocation.framework */; settings = {ATTRIBUTES = (Required, ); }; };
		EA13EC2017254C2100CC37DC /* mtxMapViewAnnotation.m in Sources */ = {isa = PBXBuildFile; fileRef = EA4213711722A7CB000BD5F8 /* mtxMapViewAnnotation.m */; };
		EA13EC2417254CCD00CC37DC /* RXMLElement.m in Sources */ = {isa = PBXBuildFile; fileRef = EA13EC2317254CCD00CC37DC /* RXMLElement.m */; };
		EA13EC2B172574AB00CC37DC /* mtxSessionManager.m in Sources */ = {isa = PBXBuildFile; fileRef = EA13EC2A172574AB00CC37DC /* mtxSessionManager.m */; };
		EA13EC2F17257C6600CC37DC /* libxml2.dylib in Frameworks */ = {isa = PBXBuildFile; fileRef = EA13EC2E17257C6500CC37DC /* libxml2.dylib */; };
		EA13EC321725869F00CC37DC /* RemoteConnector.m in Sources */ = {isa = PBXBuildFile; fileRef = EA13EC2617254CF200CC37DC /* RemoteConnector.m */; };
		EA13EC3617259B4400CC37DC /* mtxLoginViewController.m in Sources */ = {isa = PBXBuildFile; fileRef = EA13EC3417259B4300CC37DC /* mtxLoginViewController.m */; };
		EA13EC3717259B4400CC37DC /* mtxLoginViewController.xib in Resources */ = {isa = PBXBuildFile; fileRef = EA13EC3517259B4400CC37DC /* mtxLoginViewController.xib */; };
		EA13EC3917259D1200CC37DC /* Logo.png in Resources */ = {isa = PBXBuildFile; fileRef = EA13EC3817259D1200CC37DC /* Logo.png */; };
		EA13EC3E17268E0300CC37DC /* mtxLoggedUser.m in Sources */ = {isa = PBXBuildFile; fileRef = EA13EC3D17268E0300CC37DC /* mtxLoggedUser.m */; };
		EA1B67DC17280ADA001458CD /* MOT.png in Resources */ = {isa = PBXBuildFile; fileRef = EA1B67DB17280ADA001458CD /* MOT.png */; };
		EA1B67DE17284A1D001458CD /* Icon_57.png in Resources */ = {isa = PBXBuildFile; fileRef = EA1B67DD17284A1D001458CD /* Icon_57.png */; };
		EA1B67E017284A51001458CD /* Icon_114.png in Resources */ = {isa = PBXBuildFile; fileRef = EA1B67DF17284A51001458CD /* Icon_114.png */; };
		EA1B67E3172AD8B4001458CD /* Lock.png in Resources */ = {isa = PBXBuildFile; fileRef = EA1B67E2172AD8B4001458CD /* Lock.png */; };
		EA42135F1722A793000BD5F8 /* AMB.png in Resources */ = {isa = PBXBuildFile; fileRef = EA4213501722A793000BD5F8 /* AMB.png */; };
		EA4213611722A793000BD5F8 /* DCO.png in Resources */ = {isa = PBXBuildFile; fileRef = EA4213521722A793000BD5F8 /* DCO.png */; };
		EA4213631722A793000BD5F8 /* GAF.png in Resources */ = {isa = PBXBuildFile; fileRef = EA4213541722A793000BD5F8 /* GAF.png */; };
		EA4213641722A793000BD5F8 /* GAI.png in Resources */ = {isa = PBXBuildFile; fileRef = EA4213551722A793000BD5F8 /* GAI.png */; };
		EA4FABBD171DB69500410870 /* UIKit.framework in Frameworks */ = {isa = PBXBuildFile; fileRef = EA4FABBC171DB69500410870 /* UIKit.framework */; };
		EA4FABBF171DB69500410870 /* Foundation.framework in Frameworks */ = {isa = PBXBuildFile; fileRef = EA4FABBE171DB69500410870 /* Foundation.framework */; };
		EA4FABC1171DB69500410870 /* CoreGraphics.framework in Frameworks */ = {isa = PBXBuildFile; fileRef = EA4FABC0171DB69500410870 /* CoreGraphics.framework */; };
		EA4FABC7171DB69500410870 /* InfoPlist.strings in Resources */ = {isa = PBXBuildFile; fileRef = EA4FABC5171DB69500410870 /* InfoPlist.strings */; };
		EA4FABC9171DB69500410870 /* main.m in Sources */ = {isa = PBXBuildFile; fileRef = EA4FABC8171DB69500410870 /* main.m */; };
		EA4FABCD171DB69500410870 /* mtxAppDelegate.m in Sources */ = {isa = PBXBuildFile; fileRef = EA4FABCC171DB69500410870 /* mtxAppDelegate.m */; };
		EA4FABCF171DB69500410870 /* Default.png in Resources */ = {isa = PBXBuildFile; fileRef = EA4FABCE171DB69500410870 /* Default.png */; };
		EA4FABD1171DB69500410870 /* Default@2x.png in Resources */ = {isa = PBXBuildFile; fileRef = EA4FABD0171DB69500410870 /* Default@2x.png */; };
		EA4FABD3171DB69500410870 /* Default-568h@2x.png in Resources */ = {isa = PBXBuildFile; fileRef = EA4FABD2171DB69500410870 /* Default-568h@2x.png */; };
		EA4FABD6171DB69500410870 /* MainStoryboard_iPhone.storyboard in Resources */ = {isa = PBXBuildFile; fileRef = EA4FABD4171DB69500410870 /* MainStoryboard_iPhone.storyboard */; };
		EA4FABD9171DB69500410870 /* MainStoryboard_iPad.storyboard in Resources */ = {isa = PBXBuildFile; fileRef = EA4FABD7171DB69500410870 /* MainStoryboard_iPad.storyboard */; };
		EA4FABDC171DB69500410870 /* mtxViewController.m in Sources */ = {isa = PBXBuildFile; fileRef = EA4FABDB171DB69500410870 /* mtxViewController.m */; };
		EA55584C1727BC3900DE711E /* mtxTrackings.m in Sources */ = {isa = PBXBuildFile; fileRef = EA55584B1727BC3900DE711E /* mtxTrackings.m */; };
		EA724177173844EC004FF8D7 /* .gitignore in Resources */ = {isa = PBXBuildFile; fileRef = EA724176173844EC004FF8D7 /* .gitignore */; };
		EA880104173A666000B22310 /* NIActions.m in Sources */ = {isa = PBXBuildFile; fileRef = EA8800D0173A666000B22310 /* NIActions.m */; };
		EA880105173A666000B22310 /* NIBadgeView.m in Sources */ = {isa = PBXBuildFile; fileRef = EA8800D2173A666000B22310 /* NIBadgeView.m */; };
		EA880106173A666000B22310 /* NIButtonUtilities.m in Sources */ = {isa = PBXBuildFile; fileRef = EA8800D4173A666000B22310 /* NIButtonUtilities.m */; };
		EA880107173A666000B22310 /* NICommonMetrics.m in Sources */ = {isa = PBXBuildFile; fileRef = EA8800D6173A666000B22310 /* NICommonMetrics.m */; };
		EA880108173A666000B22310 /* NIDataStructures.m in Sources */ = {isa = PBXBuildFile; fileRef = EA8800D8173A666000B22310 /* NIDataStructures.m */; };
		EA880109173A666000B22310 /* NIDebuggingTools.m in Sources */ = {isa = PBXBuildFile; fileRef = EA8800DA173A666000B22310 /* NIDebuggingTools.m */; };
		EA88010A173A666000B22310 /* NIDeviceOrientation.m in Sources */ = {isa = PBXBuildFile; fileRef = EA8800DC173A666000B22310 /* NIDeviceOrientation.m */; };
		EA88010B173A666000B22310 /* NIError.m in Sources */ = {isa = PBXBuildFile; fileRef = EA8800DE173A666000B22310 /* NIError.m */; };
		EA88010C173A666000B22310 /* NIFoundationMethods.m in Sources */ = {isa = PBXBuildFile; fileRef = EA8800E0173A666000B22310 /* NIFoundationMethods.m */; };
		EA88010D173A666000B22310 /* NIImageUtilities.m in Sources */ = {isa = PBXBuildFile; fileRef = EA8800E2173A666000B22310 /* NIImageUtilities.m */; };
		EA88010E173A666000B22310 /* NIInMemoryCache.m in Sources */ = {isa = PBXBuildFile; fileRef = EA8800E4173A666000B22310 /* NIInMemoryCache.m */; };
		EA88010F173A666000B22310 /* NIInvocationMethods.m in Sources */ = {isa = PBXBuildFile; fileRef = EA8800E6173A666000B22310 /* NIInvocationMethods.m */; };
		EA880110173A666000B22310 /* NINavigationAppearance.m in Sources */ = {isa = PBXBuildFile; fileRef = EA8800EB173A666000B22310 /* NINavigationAppearance.m */; };
		EA880111173A666000B22310 /* NINetworkActivity.m in Sources */ = {isa = PBXBuildFile; fileRef = EA8800ED173A666000B22310 /* NINetworkActivity.m */; };
		EA880112173A666000B22310 /* NINonEmptyCollectionTesting.m in Sources */ = {isa = PBXBuildFile; fileRef = EA8800EF173A666000B22310 /* NINonEmptyCollectionTesting.m */; };
		EA880113173A666000B22310 /* NINonRetainingCollections.m in Sources */ = {isa = PBXBuildFile; fileRef = EA8800F1173A666000B22310 /* NINonRetainingCollections.m */; };
		EA880114173A666000B22310 /* NIOperations.m in Sources */ = {isa = PBXBuildFile; fileRef = EA8800F4173A666000B22310 /* NIOperations.m */; };
		EA880115173A666000B22310 /* NIPaths.m in Sources */ = {isa = PBXBuildFile; fileRef = EA8800F6173A666000B22310 /* NIPaths.m */; };
		EA880116173A666000B22310 /* NIRuntimeClassModifications.m in Sources */ = {isa = PBXBuildFile; fileRef = EA8800F9173A666000B22310 /* NIRuntimeClassModifications.m */; };
		EA880117173A666000B22310 /* NISDKAvailability.m in Sources */ = {isa = PBXBuildFile; fileRef = EA8800FB173A666000B22310 /* NISDKAvailability.m */; };
		EA880118173A666000B22310 /* NISnapshotRotation.m in Sources */ = {isa = PBXBuildFile; fileRef = EA8800FD173A666000B22310 /* NISnapshotRotation.m */; };
		EA880119173A666000B22310 /* NIState.m in Sources */ = {isa = PBXBuildFile; fileRef = EA8800FF173A666000B22310 /* NIState.m */; };
		EA88011A173A666000B22310 /* NIViewRecycler.m in Sources */ = {isa = PBXBuildFile; fileRef = EA880101173A666000B22310 /* NIViewRecycler.m */; };
		EA88011B173A666000B22310 /* NSString+NimbusCore.m in Sources */ = {isa = PBXBuildFile; fileRef = EA880103173A666000B22310 /* NSString+NimbusCore.m */; };
		EA8FCE38174625860028F84D /* TG_CIC.png in Resources */ = {isa = PBXBuildFile; fileRef = EA8FCE37174625860028F84D /* TG_CIC.png */; };
		EACC22B5173D0342002E70E1 /* SIG0.png in Resources */ = {isa = PBXBuildFile; fileRef = EACC22AF173D0342002E70E1 /* SIG0.png */; };
		EACC22B6173D0342002E70E1 /* SIG1.png in Resources */ = {isa = PBXBuildFile; fileRef = EACC22B0173D0342002E70E1 /* SIG1.png */; };
		EACC22B7173D0342002E70E1 /* SIG2.png in Resources */ = {isa = PBXBuildFile; fileRef = EACC22B1173D0342002E70E1 /* SIG2.png */; };
		EACC22B8173D0342002E70E1 /* SIG3.png in Resources */ = {isa = PBXBuildFile; fileRef = EACC22B2173D0342002E70E1 /* SIG3.png */; };
		EACC22B9173D0342002E70E1 /* SIG4.png in Resources */ = {isa = PBXBuildFile; fileRef = EACC22B3173D0342002E70E1 /* SIG4.png */; };
		EACC22BA173D0342002E70E1 /* SIG5.png in Resources */ = {isa = PBXBuildFile; fileRef = EACC22B4173D0342002E70E1 /* SIG5.png */; };
		EADBDE8A1742E00A005E1CFB /* SELF.png in Resources */ = {isa = PBXBuildFile; fileRef = EADBDE891742E00A005E1CFB /* SELF.png */; };
		EADBDE8D1744DA3D005E1CFB /* mtxLiveRace.m in Sources */ = {isa = PBXBuildFile; fileRef = EADBDE8C1744DA3C005E1CFB /* mtxLiveRace.m */; };
		EADC13FF17200D9F00346437 /* MapKit.framework in Frameworks */ = {isa = PBXBuildFile; fileRef = EADC13FE17200D9F00346437 /* MapKit.framework */; };
/* End PBXBuildFile section */

/* Begin PBXFileReference section */
		EA04BDD4172E8BEA00ED8235 /* LockOpen.png */ = {isa = PBXFileReference; lastKnownFileType = image.png; path = LockOpen.png; sourceTree = "<group>"; };
		EA04BDD8172E917100ED8235 /* Clock.png */ = {isa = PBXFileReference; lastKnownFileType = image.png; path = Clock.png; sourceTree = "<group>"; };
		EA0FA044173841D500579777 /* CoreLocation.framework */ = {isa = PBXFileReference; lastKnownFileType = wrapper.framework; name = CoreLocation.framework; path = System/Library/Frameworks/CoreLocation.framework; sourceTree = SDKROOT; };
		EA13EC2217254CCD00CC37DC /* RXMLElement.h */ = {isa = PBXFileReference; fileEncoding = 4; lastKnownFileType = sourcecode.c.h; path = RXMLElement.h; sourceTree = "<group>"; };
		EA13EC2317254CCD00CC37DC /* RXMLElement.m */ = {isa = PBXFileReference; fileEncoding = 4; lastKnownFileType = sourcecode.c.objc; path = RXMLElement.m; sourceTree = "<group>"; };
		EA13EC2517254CF200CC37DC /* RemoteConnector.h */ = {isa = PBXFileReference; lastKnownFileType = sourcecode.c.h; path = RemoteConnector.h; sourceTree = "<group>"; };
		EA13EC2617254CF200CC37DC /* RemoteConnector.m */ = {isa = PBXFileReference; lastKnownFileType = sourcecode.c.objc; path = RemoteConnector.m; sourceTree = "<group>"; };
		EA13EC2717254CF200CC37DC /* RemoteConnectorParameters.h */ = {isa = PBXFileReference; lastKnownFileType = sourcecode.c.h; path = RemoteConnectorParameters.h; sourceTree = "<group>"; };
		EA13EC29172574AB00CC37DC /* mtxSessionManager.h */ = {isa = PBXFileReference; fileEncoding = 4; lastKnownFileType = sourcecode.c.h; path = mtxSessionManager.h; sourceTree = "<group>"; };
		EA13EC2A172574AB00CC37DC /* mtxSessionManager.m */ = {isa = PBXFileReference; fileEncoding = 4; lastKnownFileType = sourcecode.c.objc; path = mtxSessionManager.m; sourceTree = "<group>"; };
		EA13EC2E17257C6500CC37DC /* libxml2.dylib */ = {isa = PBXFileReference; lastKnownFileType = "compiled.mach-o.dylib"; name = libxml2.dylib; path = usr/lib/libxml2.dylib; sourceTree = SDKROOT; };
		EA13EC3317259B4300CC37DC /* mtxLoginViewController.h */ = {isa = PBXFileReference; fileEncoding = 4; lastKnownFileType = sourcecode.c.h; path = mtxLoginViewController.h; sourceTree = "<group>"; };
		EA13EC3417259B4300CC37DC /* mtxLoginViewController.m */ = {isa = PBXFileReference; fileEncoding = 4; lastKnownFileType = sourcecode.c.objc; path = mtxLoginViewController.m; sourceTree = "<group>"; };
		EA13EC3517259B4400CC37DC /* mtxLoginViewController.xib */ = {isa = PBXFileReference; fileEncoding = 4; lastKnownFileType = file.xib; path = mtxLoginViewController.xib; sourceTree = "<group>"; };
		EA13EC3817259D1200CC37DC /* Logo.png */ = {isa = PBXFileReference; lastKnownFileType = image.png; name = Logo.png; path = MotoTracking/Logo.png; sourceTree = "<group>"; };
		EA13EC3C17268E0300CC37DC /* mtxLoggedUser.h */ = {isa = PBXFileReference; fileEncoding = 4; lastKnownFileType = sourcecode.c.h; path = mtxLoggedUser.h; sourceTree = "<group>"; };
		EA13EC3D17268E0300CC37DC /* mtxLoggedUser.m */ = {isa = PBXFileReference; fileEncoding = 4; lastKnownFileType = sourcecode.c.objc; path = mtxLoggedUser.m; sourceTree = "<group>"; };
		EA1B67DB17280ADA001458CD /* MOT.png */ = {isa = PBXFileReference; lastKnownFileType = image.png; path = MOT.png; sourceTree = "<group>"; };
		EA1B67DD17284A1D001458CD /* Icon_57.png */ = {isa = PBXFileReference; lastKnownFileType = image.png; path = Icon_57.png; sourceTree = "<group>"; };
		EA1B67DF17284A51001458CD /* Icon_114.png */ = {isa = PBXFileReference; lastKnownFileType = image.png; path = Icon_114.png; sourceTree = "<group>"; };
		EA1B67E2172AD8B4001458CD /* Lock.png */ = {isa = PBXFileReference; lastKnownFileType = image.png; path = Lock.png; sourceTree = "<group>"; };
		EA4213501722A793000BD5F8 /* AMB.png */ = {isa = PBXFileReference; lastKnownFileType = image.png; path = AMB.png; sourceTree = "<group>"; };
		EA4213521722A793000BD5F8 /* DCO.png */ = {isa = PBXFileReference; lastKnownFileType = image.png; path = DCO.png; sourceTree = "<group>"; };
		EA4213541722A793000BD5F8 /* GAF.png */ = {isa = PBXFileReference; lastKnownFileType = image.png; path = GAF.png; sourceTree = "<group>"; };
		EA4213551722A793000BD5F8 /* GAI.png */ = {isa = PBXFileReference; lastKnownFileType = image.png; path = GAI.png; sourceTree = "<group>"; };
		EA4213701722A7CB000BD5F8 /* mtxMapViewAnnotation.h */ = {isa = PBXFileReference; lastKnownFileType = sourcecode.c.h; path = mtxMapViewAnnotation.h; sourceTree = "<group>"; };
		EA4213711722A7CB000BD5F8 /* mtxMapViewAnnotation.m */ = {isa = PBXFileReference; lastKnownFileType = sourcecode.c.objc; path = mtxMapViewAnnotation.m; sourceTree = "<group>"; };
		EA4FABB9171DB69500410870 /* MotoTracking.app */ = {isa = PBXFileReference; explicitFileType = wrapper.application; includeInIndex = 0; path = MotoTracking.app; sourceTree = BUILT_PRODUCTS_DIR; };
		EA4FABBC171DB69500410870 /* UIKit.framework */ = {isa = PBXFileReference; lastKnownFileType = wrapper.framework; name = UIKit.framework; path = System/Library/Frameworks/UIKit.framework; sourceTree = SDKROOT; };
		EA4FABBE171DB69500410870 /* Foundation.framework */ = {isa = PBXFileReference; lastKnownFileType = wrapper.framework; name = Foundation.framework; path = System/Library/Frameworks/Foundation.framework; sourceTree = SDKROOT; };
		EA4FABC0171DB69500410870 /* CoreGraphics.framework */ = {isa = PBXFileReference; lastKnownFileType = wrapper.framework; name = CoreGraphics.framework; path = System/Library/Frameworks/CoreGraphics.framework; sourceTree = SDKROOT; };
		EA4FABC4171DB69500410870 /* MotoTracking-Info.plist */ = {isa = PBXFileReference; lastKnownFileType = text.plist.xml; path = "MotoTracking-Info.plist"; sourceTree = "<group>"; };
		EA4FABC6171DB69500410870 /* en */ = {isa = PBXFileReference; lastKnownFileType = text.plist.strings; name = en; path = en.lproj/InfoPlist.strings; sourceTree = "<group>"; };
		EA4FABC8171DB69500410870 /* main.m */ = {isa = PBXFileReference; lastKnownFileType = sourcecode.c.objc; path = main.m; sourceTree = "<group>"; };
		EA4FABCA171DB69500410870 /* MotoTracking-Prefix.pch */ = {isa = PBXFileReference; lastKnownFileType = sourcecode.c.h; path = "MotoTracking-Prefix.pch"; sourceTree = "<group>"; };
		EA4FABCB171DB69500410870 /* mtxAppDelegate.h */ = {isa = PBXFileReference; lastKnownFileType = sourcecode.c.h; path = mtxAppDelegate.h; sourceTree = "<group>"; };
		EA4FABCC171DB69500410870 /* mtxAppDelegate.m */ = {isa = PBXFileReference; lastKnownFileType = sourcecode.c.objc; path = mtxAppDelegate.m; sourceTree = "<group>"; };
		EA4FABCE171DB69500410870 /* Default.png */ = {isa = PBXFileReference; lastKnownFileType = image.png; path = Default.png; sourceTree = "<group>"; };
		EA4FABD0171DB69500410870 /* Default@2x.png */ = {isa = PBXFileReference; lastKnownFileType = image.png; path = "Default@2x.png"; sourceTree = "<group>"; };
		EA4FABD2171DB69500410870 /* Default-568h@2x.png */ = {isa = PBXFileReference; lastKnownFileType = image.png; path = "Default-568h@2x.png"; sourceTree = "<group>"; };
		EA4FABD5171DB69500410870 /* en */ = {isa = PBXFileReference; lastKnownFileType = file.storyboard; name = en; path = en.lproj/MainStoryboard_iPhone.storyboard; sourceTree = "<group>"; };
		EA4FABD8171DB69500410870 /* en */ = {isa = PBXFileReference; lastKnownFileType = file.storyboard; name = en; path = en.lproj/MainStoryboard_iPad.storyboard; sourceTree = "<group>"; };
		EA4FABDA171DB69500410870 /* mtxViewController.h */ = {isa = PBXFileReference; lastKnownFileType = sourcecode.c.h; path = mtxViewController.h; sourceTree = "<group>"; };
		EA4FABDB171DB69500410870 /* mtxViewController.m */ = {isa = PBXFileReference; lastKnownFileType = sourcecode.c.objc; path = mtxViewController.m; sourceTree = "<group>"; };
		EA55584A1727BC3900DE711E /* mtxTrackings.h */ = {isa = PBXFileReference; fileEncoding = 4; lastKnownFileType = sourcecode.c.h; path = mtxTrackings.h; sourceTree = "<group>"; };
		EA55584B1727BC3900DE711E /* mtxTrackings.m */ = {isa = PBXFileReference; fileEncoding = 4; lastKnownFileType = sourcecode.c.objc; path = mtxTrackings.m; sourceTree = "<group>"; };
		EA5558501727D8F900DE711E /* TestLocation.gpx */ = {isa = PBXFileReference; lastKnownFileType = text.xml; path = TestLocation.gpx; sourceTree = "<group>"; };
		EA724176173844EC004FF8D7 /* .gitignore */ = {isa = PBXFileReference; fileEncoding = 4; lastKnownFileType = text; name = .gitignore; path = ../.gitignore; sourceTree = "<group>"; };
		EA8800CE173A666000B22310 /* NIActions+Subclassing.h */ = {isa = PBXFileReference; fileEncoding = 4; lastKnownFileType = sourcecode.c.h; path = "NIActions+Subclassing.h"; sourceTree = "<group>"; };
		EA8800CF173A666000B22310 /* NIActions.h */ = {isa = PBXFileReference; fileEncoding = 4; lastKnownFileType = sourcecode.c.h; path = NIActions.h; sourceTree = "<group>"; };
		EA8800D0173A666000B22310 /* NIActions.m */ = {isa = PBXFileReference; fileEncoding = 4; lastKnownFileType = sourcecode.c.objc; path = NIActions.m; sourceTree = "<group>"; };
		EA8800D1173A666000B22310 /* NIBadgeView.h */ = {isa = PBXFileReference; fileEncoding = 4; lastKnownFileType = sourcecode.c.h; path = NIBadgeView.h; sourceTree = "<group>"; };
		EA8800D2173A666000B22310 /* NIBadgeView.m */ = {isa = PBXFileReference; fileEncoding = 4; lastKnownFileType = sourcecode.c.objc; path = NIBadgeView.m; sourceTree = "<group>"; };
		EA8800D3173A666000B22310 /* NIButtonUtilities.h */ = {isa = PBXFileReference; fileEncoding = 4; lastKnownFileType = sourcecode.c.h; path = NIButtonUtilities.h; sourceTree = "<group>"; };
		EA8800D4173A666000B22310 /* NIButtonUtilities.m */ = {isa = PBXFileReference; fileEncoding = 4; lastKnownFileType = sourcecode.c.objc; path = NIButtonUtilities.m; sourceTree = "<group>"; };
		EA8800D5173A666000B22310 /* NICommonMetrics.h */ = {isa = PBXFileReference; fileEncoding = 4; lastKnownFileType = sourcecode.c.h; path = NICommonMetrics.h; sourceTree = "<group>"; };
		EA8800D6173A666000B22310 /* NICommonMetrics.m */ = {isa = PBXFileReference; fileEncoding = 4; lastKnownFileType = sourcecode.c.objc; path = NICommonMetrics.m; sourceTree = "<group>"; };
		EA8800D7173A666000B22310 /* NIDataStructures.h */ = {isa = PBXFileReference; fileEncoding = 4; lastKnownFileType = sourcecode.c.h; path = NIDataStructures.h; sourceTree = "<group>"; };
		EA8800D8173A666000B22310 /* NIDataStructures.m */ = {isa = PBXFileReference; fileEncoding = 4; lastKnownFileType = sourcecode.c.objc; path = NIDataStructures.m; sourceTree = "<group>"; };
		EA8800D9173A666000B22310 /* NIDebuggingTools.h */ = {isa = PBXFileReference; fileEncoding = 4; lastKnownFileType = sourcecode.c.h; path = NIDebuggingTools.h; sourceTree = "<group>"; };
		EA8800DA173A666000B22310 /* NIDebuggingTools.m */ = {isa = PBXFileReference; fileEncoding = 4; lastKnownFileType = sourcecode.c.objc; path = NIDebuggingTools.m; sourceTree = "<group>"; };
		EA8800DB173A666000B22310 /* NIDeviceOrientation.h */ = {isa = PBXFileReference; fileEncoding = 4; lastKnownFileType = sourcecode.c.h; path = NIDeviceOrientation.h; sourceTree = "<group>"; };
		EA8800DC173A666000B22310 /* NIDeviceOrientation.m */ = {isa = PBXFileReference; fileEncoding = 4; lastKnownFileType = sourcecode.c.objc; path = NIDeviceOrientation.m; sourceTree = "<group>"; };
		EA8800DD173A666000B22310 /* NIError.h */ = {isa = PBXFileReference; fileEncoding = 4; lastKnownFileType = sourcecode.c.h; path = NIError.h; sourceTree = "<group>"; };
		EA8800DE173A666000B22310 /* NIError.m */ = {isa = PBXFileReference; fileEncoding = 4; lastKnownFileType = sourcecode.c.objc; path = NIError.m; sourceTree = "<group>"; };
		EA8800DF173A666000B22310 /* NIFoundationMethods.h */ = {isa = PBXFileReference; fileEncoding = 4; lastKnownFileType = sourcecode.c.h; path = NIFoundationMethods.h; sourceTree = "<group>"; };
		EA8800E0173A666000B22310 /* NIFoundationMethods.m */ = {isa = PBXFileReference; fileEncoding = 4; lastKnownFileType = sourcecode.c.objc; path = NIFoundationMethods.m; sourceTree = "<group>"; };
		EA8800E1173A666000B22310 /* NIImageUtilities.h */ = {isa = PBXFileReference; fileEncoding = 4; lastKnownFileType = sourcecode.c.h; path = NIImageUtilities.h; sourceTree = "<group>"; };
		EA8800E2173A666000B22310 /* NIImageUtilities.m */ = {isa = PBXFileReference; fileEncoding = 4; lastKnownFileType = sourcecode.c.objc; path = NIImageUtilities.m; sourceTree = "<group>"; };
		EA8800E3173A666000B22310 /* NIInMemoryCache.h */ = {isa = PBXFileReference; fileEncoding = 4; lastKnownFileType = sourcecode.c.h; path = NIInMemoryCache.h; sourceTree = "<group>"; };
		EA8800E4173A666000B22310 /* NIInMemoryCache.m */ = {isa = PBXFileReference; fileEncoding = 4; lastKnownFileType = sourcecode.c.objc; path = NIInMemoryCache.m; sourceTree = "<group>"; };
		EA8800E5173A666000B22310 /* NIInvocationMethods.h */ = {isa = PBXFileReference; fileEncoding = 4; lastKnownFileType = sourcecode.c.h; path = NIInvocationMethods.h; sourceTree = "<group>"; };
		EA8800E6173A666000B22310 /* NIInvocationMethods.m */ = {isa = PBXFileReference; fileEncoding = 4; lastKnownFileType = sourcecode.c.objc; path = NIInvocationMethods.m; sourceTree = "<group>"; };
		EA8800E7173A666000B22310 /* NimbusBadge.h */ = {isa = PBXFileReference; fileEncoding = 4; lastKnownFileType = sourcecode.c.h; path = NimbusBadge.h; sourceTree = "<group>"; };
		EA8800E8173A666000B22310 /* NimbusCore+Additions.h */ = {isa = PBXFileReference; fileEncoding = 4; lastKnownFileType = sourcecode.c.h; path = "NimbusCore+Additions.h"; sourceTree = "<group>"; };
		EA8800E9173A666000B22310 /* NimbusCore.h */ = {isa = PBXFileReference; fileEncoding = 4; lastKnownFileType = sourcecode.c.h; path = NimbusCore.h; sourceTree = "<group>"; };
		EA8800EA173A666000B22310 /* NINavigationAppearance.h */ = {isa = PBXFileReference; fileEncoding = 4; lastKnownFileType = sourcecode.c.h; path = NINavigationAppearance.h; sourceTree = "<group>"; };
		EA8800EB173A666000B22310 /* NINavigationAppearance.m */ = {isa = PBXFileReference; fileEncoding = 4; lastKnownFileType = sourcecode.c.objc; path = NINavigationAppearance.m; sourceTree = "<group>"; };
		EA8800EC173A666000B22310 /* NINetworkActivity.h */ = {isa = PBXFileReference; fileEncoding = 4; lastKnownFileType = sourcecode.c.h; path = NINetworkActivity.h; sourceTree = "<group>"; };
		EA8800ED173A666000B22310 /* NINetworkActivity.m */ = {isa = PBXFileReference; fileEncoding = 4; lastKnownFileType = sourcecode.c.objc; path = NINetworkActivity.m; sourceTree = "<group>"; };
		EA8800EE173A666000B22310 /* NINonEmptyCollectionTesting.h */ = {isa = PBXFileReference; fileEncoding = 4; lastKnownFileType = sourcecode.c.h; path = NINonEmptyCollectionTesting.h; sourceTree = "<group>"; };
		EA8800EF173A666000B22310 /* NINonEmptyCollectionTesting.m */ = {isa = PBXFileReference; fileEncoding = 4; lastKnownFileType = sourcecode.c.objc; path = NINonEmptyCollectionTesting.m; sourceTree = "<group>"; };
		EA8800F0173A666000B22310 /* NINonRetainingCollections.h */ = {isa = PBXFileReference; fileEncoding = 4; lastKnownFileType = sourcecode.c.h; path = NINonRetainingCollections.h; sourceTree = "<group>"; };
		EA8800F1173A666000B22310 /* NINonRetainingCollections.m */ = {isa = PBXFileReference; fileEncoding = 4; lastKnownFileType = sourcecode.c.objc; path = NINonRetainingCollections.m; sourceTree = "<group>"; };
		EA8800F2173A666000B22310 /* NIOperations+Subclassing.h */ = {isa = PBXFileReference; fileEncoding = 4; lastKnownFileType = sourcecode.c.h; path = "NIOperations+Subclassing.h"; sourceTree = "<group>"; };
		EA8800F3173A666000B22310 /* NIOperations.h */ = {isa = PBXFileReference; fileEncoding = 4; lastKnownFileType = sourcecode.c.h; path = NIOperations.h; sourceTree = "<group>"; };
		EA8800F4173A666000B22310 /* NIOperations.m */ = {isa = PBXFileReference; fileEncoding = 4; lastKnownFileType = sourcecode.c.objc; path = NIOperations.m; sourceTree = "<group>"; };
		EA8800F5173A666000B22310 /* NIPaths.h */ = {isa = PBXFileReference; fileEncoding = 4; lastKnownFileType = sourcecode.c.h; path = NIPaths.h; sourceTree = "<group>"; };
		EA8800F6173A666000B22310 /* NIPaths.m */ = {isa = PBXFileReference; fileEncoding = 4; lastKnownFileType = sourcecode.c.objc; path = NIPaths.m; sourceTree = "<group>"; };
		EA8800F7173A666000B22310 /* NIPreprocessorMacros.h */ = {isa = PBXFileReference; fileEncoding = 4; lastKnownFileType = sourcecode.c.h; path = NIPreprocessorMacros.h; sourceTree = "<group>"; };
		EA8800F8173A666000B22310 /* NIRuntimeClassModifications.h */ = {isa = PBXFileReference; fileEncoding = 4; lastKnownFileType = sourcecode.c.h; path = NIRuntimeClassModifications.h; sourceTree = "<group>"; };
		EA8800F9173A666000B22310 /* NIRuntimeClassModifications.m */ = {isa = PBXFileReference; fileEncoding = 4; lastKnownFileType = sourcecode.c.objc; path = NIRuntimeClassModifications.m; sourceTree = "<group>"; };
		EA8800FA173A666000B22310 /* NISDKAvailability.h */ = {isa = PBXFileReference; fileEncoding = 4; lastKnownFileType = sourcecode.c.h; path = NISDKAvailability.h; sourceTree = "<group>"; };
		EA8800FB173A666000B22310 /* NISDKAvailability.m */ = {isa = PBXFileReference; fileEncoding = 4; lastKnownFileType = sourcecode.c.objc; path = NISDKAvailability.m; sourceTree = "<group>"; };
		EA8800FC173A666000B22310 /* NISnapshotRotation.h */ = {isa = PBXFileReference; fileEncoding = 4; lastKnownFileType = sourcecode.c.h; path = NISnapshotRotation.h; sourceTree = "<group>"; };
		EA8800FD173A666000B22310 /* NISnapshotRotation.m */ = {isa = PBXFileReference; fileEncoding = 4; lastKnownFileType = sourcecode.c.objc; path = NISnapshotRotation.m; sourceTree = "<group>"; };
		EA8800FE173A666000B22310 /* NIState.h */ = {isa = PBXFileReference; fileEncoding = 4; lastKnownFileType = sourcecode.c.h; path = NIState.h; sourceTree = "<group>"; };
		EA8800FF173A666000B22310 /* NIState.m */ = {isa = PBXFileReference; fileEncoding = 4; lastKnownFileType = sourcecode.c.objc; path = NIState.m; sourceTree = "<group>"; };
		EA880100173A666000B22310 /* NIViewRecycler.h */ = {isa = PBXFileReference; fileEncoding = 4; lastKnownFileType = sourcecode.c.h; path = NIViewRecycler.h; sourceTree = "<group>"; };
		EA880101173A666000B22310 /* NIViewRecycler.m */ = {isa = PBXFileReference; fileEncoding = 4; lastKnownFileType = sourcecode.c.objc; path = NIViewRecycler.m; sourceTree = "<group>"; };
		EA880102173A666000B22310 /* NSString+NimbusCore.h */ = {isa = PBXFileReference; fileEncoding = 4; lastKnownFileType = sourcecode.c.h; path = "NSString+NimbusCore.h"; sourceTree = "<group>"; };
		EA880103173A666000B22310 /* NSString+NimbusCore.m */ = {isa = PBXFileReference; fileEncoding = 4; lastKnownFileType = sourcecode.c.objc; path = "NSString+NimbusCore.m"; sourceTree = "<group>"; };
		EA8FCE37174625860028F84D /* TG_CIC.png */ = {isa = PBXFileReference; lastKnownFileType = image.png; path = TG_CIC.png; sourceTree = "<group>"; };
		EACC22AF173D0342002E70E1 /* SIG0.png */ = {isa = PBXFileReference; lastKnownFileType = image.png; path = SIG0.png; sourceTree = "<group>"; };
		EACC22B0173D0342002E70E1 /* SIG1.png */ = {isa = PBXFileReference; lastKnownFileType = image.png; path = SIG1.png; sourceTree = "<group>"; };
		EACC22B1173D0342002E70E1 /* SIG2.png */ = {isa = PBXFileReference; lastKnownFileType = image.png; path = SIG2.png; sourceTree = "<group>"; };
		EACC22B2173D0342002E70E1 /* SIG3.png */ = {isa = PBXFileReference; lastKnownFileType = image.png; path = SIG3.png; sourceTree = "<group>"; };
		EACC22B3173D0342002E70E1 /* SIG4.png */ = {isa = PBXFileReference; lastKnownFileType = image.png; path = SIG4.png; sourceTree = "<group>"; };
		EACC22B4173D0342002E70E1 /* SIG5.png */ = {isa = PBXFileReference; lastKnownFileType = image.png; path = SIG5.png; sourceTree = "<group>"; };
		EADBDE891742E00A005E1CFB /* SELF.png */ = {isa = PBXFileReference; lastKnownFileType = image.png; path = SELF.png; sourceTree = "<group>"; };
		EADBDE8B1744DA3C005E1CFB /* mtxLiveRace.h */ = {isa = PBXFileReference; fileEncoding = 4; lastKnownFileType = sourcecode.c.h; path = mtxLiveRace.h; sourceTree = "<group>"; };
		EADBDE8C1744DA3C005E1CFB /* mtxLiveRace.m */ = {isa = PBXFileReference; fileEncoding = 4; lastKnownFileType = sourcecode.c.objc; path = mtxLiveRace.m; sourceTree = "<group>"; };
		EADC13FE17200D9F00346437 /* MapKit.framework */ = {isa = PBXFileReference; lastKnownFileType = wrapper.framework; name = MapKit.framework; path = System/Library/Frameworks/MapKit.framework; sourceTree = SDKROOT; };
		EAF2361E17421324002624B1 /* StaticFunctions.h */ = {isa = PBXFileReference; lastKnownFileType = sourcecode.c.h; path = StaticFunctions.h; sourceTree = "<group>"; };
/* End PBXFileReference section */

/* Begin PBXFrameworksBuildPhase section */
		EA4FABB6171DB69500410870 /* Frameworks */ = {
			isa = PBXFrameworksBuildPhase;
			buildActionMask = 2147483647;
			files = (
				EA0FA045173841D500579777 /* CoreLocation.framework in Frameworks */,
				EA13EC2F17257C6600CC37DC /* libxml2.dylib in Frameworks */,
				EADC13FF17200D9F00346437 /* MapKit.framework in Frameworks */,
				EA4FABBD171DB69500410870 /* UIKit.framework in Frameworks */,
				EA4FABBF171DB69500410870 /* Foundation.framework in Frameworks */,
				EA4FABC1171DB69500410870 /* CoreGraphics.framework in Frameworks */,
			);
			runOnlyForDeploymentPostprocessing = 0;
		};
/* End PBXFrameworksBuildPhase section */

/* Begin PBXGroup section */
		EA0F9FEE173839B000579777 /* badge */ = {
			isa = PBXGroup;
			children = (
				EA8800CD173A666000B22310 /* src */,
			);
			name = badge;
			path = Nimbus/badge;
			sourceTree = "<group>";
		};
		EA13EC2117254CCD00CC37DC /* RaptureXML */ = {
			isa = PBXGroup;
			children = (
				EA13EC2217254CCD00CC37DC /* RXMLElement.h */,
				EA13EC2317254CCD00CC37DC /* RXMLElement.m */,
			);
			name = RaptureXML;
			path = MotoTracking/RaptureXML;
			sourceTree = "<group>";
		};
		EA13EC2817254CFF00CC37DC /* Communication */ = {
			isa = PBXGroup;
			children = (
				EA13EC2517254CF200CC37DC /* RemoteConnector.h */,
				EA13EC2617254CF200CC37DC /* RemoteConnector.m */,
				EA13EC2717254CF200CC37DC /* RemoteConnectorParameters.h */,
			);
			name = Communication;
			sourceTree = "<group>";
		};
		EA13EC3A17259D1F00CC37DC /* Images */ = {
			isa = PBXGroup;
			children = (
				EA8FCE30174616170028F84D /* SportIcon */,
				EADBDE891742E00A005E1CFB /* SELF.png */,
				EACC22AF173D0342002E70E1 /* SIG0.png */,
				EACC22B0173D0342002E70E1 /* SIG1.png */,
				EACC22B1173D0342002E70E1 /* SIG2.png */,
				EACC22B2173D0342002E70E1 /* SIG3.png */,
				EACC22B3173D0342002E70E1 /* SIG4.png */,
				EACC22B4173D0342002E70E1 /* SIG5.png */,
				EA04BDD8172E917100ED8235 /* Clock.png */,
				EA1B67DF17284A51001458CD /* Icon_114.png */,
				EA04BDD4172E8BEA00ED8235 /* LockOpen.png */,
				EA1B67E2172AD8B4001458CD /* Lock.png */,
				EA1B67DD17284A1D001458CD /* Icon_57.png */,
				EA13EC3817259D1200CC37DC /* Logo.png */,
				EADC14211721A29700346437 /* Markers */,
			);
			name = Images;
			sourceTree = "<group>";
		};
		EA13EC3B17259D8B00CC37DC /* Login */ = {
			isa = PBXGroup;
			children = (
				EA13EC3517259B4400CC37DC /* mtxLoginViewController.xib */,
				EA13EC3C17268E0300CC37DC /* mtxLoggedUser.h */,
				EA13EC3D17268E0300CC37DC /* mtxLoggedUser.m */,
				EADBDE8B1744DA3C005E1CFB /* mtxLiveRace.h */,
				EADBDE8C1744DA3C005E1CFB /* mtxLiveRace.m */,
				EA13EC3317259B4300CC37DC /* mtxLoginViewController.h */,
				EA13EC3417259B4300CC37DC /* mtxLoginViewController.m */,
			);
			name = Login;
			sourceTree = "<group>";
		};
		EA1B67E117284F88001458CD /* Map */ = {
			isa = PBXGroup;
			children = (
				EA4FABD4171DB69500410870 /* MainStoryboard_iPhone.storyboard */,
				EA4FABD7171DB69500410870 /* MainStoryboard_iPad.storyboard */,
				EA4FABDA171DB69500410870 /* mtxViewController.h */,
				EA4FABDB171DB69500410870 /* mtxViewController.m */,
			);
			name = Map;
			sourceTree = "<group>";
		};
		EA4FABB0171DB69500410870 = {
			isa = PBXGroup;
			children = (
				EA13EC3A17259D1F00CC37DC /* Images */,
				EA4FABC2171DB69500410870 /* MotoTracking */,
				EA4FABBB171DB69500410870 /* Frameworks */,
				EA4FABBA171DB69500410870 /* Products */,
			);
			sourceTree = "<group>";
		};
		EA4FABBA171DB69500410870 /* Products */ = {
			isa = PBXGroup;
			children = (
				EA4FABB9171DB69500410870 /* MotoTracking.app */,
			);
			name = Products;
			sourceTree = "<group>";
		};
		EA4FABBB171DB69500410870 /* Frameworks */ = {
			isa = PBXGroup;
			children = (
				EA13EC2117254CCD00CC37DC /* RaptureXML */,
				EA0F9FEE173839B000579777 /* badge */,
				EA13EC2E17257C6500CC37DC /* libxml2.dylib */,
				EA0FA044173841D500579777 /* CoreLocation.framework */,
				EADC13FE17200D9F00346437 /* MapKit.framework */,
				EA4FABBC171DB69500410870 /* UIKit.framework */,
				EA4FABBE171DB69500410870 /* Foundation.framework */,
				EA4FABC0171DB69500410870 /* CoreGraphics.framework */,
			);
			name = Frameworks;
			sourceTree = "<group>";
		};
		EA4FABC2171DB69500410870 /* MotoTracking */ = {
			isa = PBXGroup;
			children = (
				EA1B67E117284F88001458CD /* Map */,
				EA13EC2817254CFF00CC37DC /* Communication */,
				EA13EC3B17259D8B00CC37DC /* Login */,
				EA55584D1727BC4500DE711E /* Trackings */,
				EA4FABCB171DB69500410870 /* mtxAppDelegate.h */,
				EA4FABCC171DB69500410870 /* mtxAppDelegate.m */,
				EA13EC29172574AB00CC37DC /* mtxSessionManager.h */,
				EA13EC2A172574AB00CC37DC /* mtxSessionManager.m */,
				EA4FABC3171DB69500410870 /* Supporting Files */,
			);
			path = MotoTracking;
			sourceTree = "<group>";
		};
		EA4FABC3171DB69500410870 /* Supporting Files */ = {
			isa = PBXGroup;
			children = (
				EA724176173844EC004FF8D7 /* .gitignore */,
				EA4FABC4171DB69500410870 /* MotoTracking-Info.plist */,
				EA4FABC5171DB69500410870 /* InfoPlist.strings */,
				EA4FABC8171DB69500410870 /* main.m */,
				EA4FABCA171DB69500410870 /* MotoTracking-Prefix.pch */,
				EA4FABCE171DB69500410870 /* Default.png */,
				EA4FABD0171DB69500410870 /* Default@2x.png */,
				EA4FABD2171DB69500410870 /* Default-568h@2x.png */,
				EAF2361E17421324002624B1 /* StaticFunctions.h */,
			);
			name = "Supporting Files";
			sourceTree = "<group>";
		};
		EA55584D1727BC4500DE711E /* Trackings */ = {
			isa = PBXGroup;
			children = (
				EA4213701722A7CB000BD5F8 /* mtxMapViewAnnotation.h */,
				EA4213711722A7CB000BD5F8 /* mtxMapViewAnnotation.m */,
				EA55584A1727BC3900DE711E /* mtxTrackings.h */,
				EA55584B1727BC3900DE711E /* mtxTrackings.m */,
				EA5558501727D8F900DE711E /* TestLocation.gpx */,
			);
			name = Trackings;
			sourceTree = "<group>";
		};
		EA8800CD173A666000B22310 /* src */ = {
			isa = PBXGroup;
			children = (
				EA8800CE173A666000B22310 /* NIActions+Subclassing.h */,
				EA8800CF173A666000B22310 /* NIActions.h */,
				EA8800D0173A666000B22310 /* NIActions.m */,
				EA8800D1173A666000B22310 /* NIBadgeView.h */,
				EA8800D2173A666000B22310 /* NIBadgeView.m */,
				EA8800D3173A666000B22310 /* NIButtonUtilities.h */,
				EA8800D4173A666000B22310 /* NIButtonUtilities.m */,
				EA8800D5173A666000B22310 /* NICommonMetrics.h */,
				EA8800D6173A666000B22310 /* NICommonMetrics.m */,
				EA8800D7173A666000B22310 /* NIDataStructures.h */,
				EA8800D8173A666000B22310 /* NIDataStructures.m */,
				EA8800D9173A666000B22310 /* NIDebuggingTools.h */,
				EA8800DA173A666000B22310 /* NIDebuggingTools.m */,
				EA8800DB173A666000B22310 /* NIDeviceOrientation.h */,
				EA8800DC173A666000B22310 /* NIDeviceOrientation.m */,
				EA8800DD173A666000B22310 /* NIError.h */,
				EA8800DE173A666000B22310 /* NIError.m */,
				EA8800DF173A666000B22310 /* NIFoundationMethods.h */,
				EA8800E0173A666000B22310 /* NIFoundationMethods.m */,
				EA8800E1173A666000B22310 /* NIImageUtilities.h */,
				EA8800E2173A666000B22310 /* NIImageUtilities.m */,
				EA8800E3173A666000B22310 /* NIInMemoryCache.h */,
				EA8800E4173A666000B22310 /* NIInMemoryCache.m */,
				EA8800E5173A666000B22310 /* NIInvocationMethods.h */,
				EA8800E6173A666000B22310 /* NIInvocationMethods.m */,
				EA8800E7173A666000B22310 /* NimbusBadge.h */,
				EA8800E8173A666000B22310 /* NimbusCore+Additions.h */,
				EA8800E9173A666000B22310 /* NimbusCore.h */,
				EA8800EA173A666000B22310 /* NINavigationAppearance.h */,
				EA8800EB173A666000B22310 /* NINavigationAppearance.m */,
				EA8800EC173A666000B22310 /* NINetworkActivity.h */,
				EA8800ED173A666000B22310 /* NINetworkActivity.m */,
				EA8800EE173A666000B22310 /* NINonEmptyCollectionTesting.h */,
				EA8800EF173A666000B22310 /* NINonEmptyCollectionTesting.m */,
				EA8800F0173A666000B22310 /* NINonRetainingCollections.h */,
				EA8800F1173A666000B22310 /* NINonRetainingCollections.m */,
				EA8800F2173A666000B22310 /* NIOperations+Subclassing.h */,
				EA8800F3173A666000B22310 /* NIOperations.h */,
				EA8800F4173A666000B22310 /* NIOperations.m */,
				EA8800F5173A666000B22310 /* NIPaths.h */,
				EA8800F6173A666000B22310 /* NIPaths.m */,
				EA8800F7173A666000B22310 /* NIPreprocessorMacros.h */,
				EA8800F8173A666000B22310 /* NIRuntimeClassModifications.h */,
				EA8800F9173A666000B22310 /* NIRuntimeClassModifications.m */,
				EA8800FA173A666000B22310 /* NISDKAvailability.h */,
				EA8800FB173A666000B22310 /* NISDKAvailability.m */,
				EA8800FC173A666000B22310 /* NISnapshotRotation.h */,
				EA8800FD173A666000B22310 /* NISnapshotRotation.m */,
				EA8800FE173A666000B22310 /* NIState.h */,
				EA8800FF173A666000B22310 /* NIState.m */,
				EA880100173A666000B22310 /* NIViewRecycler.h */,
				EA880101173A666000B22310 /* NIViewRecycler.m */,
				EA880102173A666000B22310 /* NSString+NimbusCore.h */,
				EA880103173A666000B22310 /* NSString+NimbusCore.m */,
			);
			path = src;
			sourceTree = "<group>";
		};
		EA8FCE30174616170028F84D /* SportIcon */ = {
			isa = PBXGroup;
			children = (
				EA8FCE37174625860028F84D /* TG_CIC.png */,
			);
			name = SportIcon;
			sourceTree = "<group>";
		};
		EADC14211721A29700346437 /* Markers */ = {
			isa = PBXGroup;
			children = (
				EA4213501722A793000BD5F8 /* AMB.png */,
				EA4213521722A793000BD5F8 /* DCO.png */,
				EA4213541722A793000BD5F8 /* GAF.png */,
				EA4213551722A793000BD5F8 /* GAI.png */,
				EA1B67DB17280ADA001458CD /* MOT.png */,
			);
			name = Markers;
			path = MotoTracking;
			sourceTree = "<group>";
		};
/* End PBXGroup section */

/* Begin PBXNativeTarget section */
		EA4FABB8171DB69500410870 /* MotoTracking */ = {
			isa = PBXNativeTarget;
			buildConfigurationList = EA4FABDF171DB69500410870 /* Build configuration list for PBXNativeTarget "MotoTracking" */;
			buildPhases = (
				EA4FABB5171DB69500410870 /* Sources */,
				EA4FABB6171DB69500410870 /* Frameworks */,
				EA4FABB7171DB69500410870 /* Resources */,
				EACC22BB173D5D2B002E70E1 /* ShellScript */,
			);
			buildRules = (
			);
			dependencies = (
			);
			name = MotoTracking;
			productName = MotoTracking;
			productReference = EA4FABB9171DB69500410870 /* MotoTracking.app */;
			productType = "com.apple.product-type.application";
		};
/* End PBXNativeTarget section */

/* Begin PBXProject section */
		EA4FABB1171DB69500410870 /* Project object */ = {
			isa = PBXProject;
			attributes = {
				CLASSPREFIX = mtx;
				LastUpgradeCheck = 0460;
				ORGANIZATIONNAME = "xTreme Software";
			};
			buildConfigurationList = EA4FABB4171DB69500410870 /* Build configuration list for PBXProject "MotoTracking" */;
			compatibilityVersion = "Xcode 3.2";
			developmentRegion = English;
			hasScannedForEncodings = 0;
			knownRegions = (
				en,
			);
			mainGroup = EA4FABB0171DB69500410870;
			productRefGroup = EA4FABBA171DB69500410870 /* Products */;
			projectDirPath = "";
			projectRoot = "";
			targets = (
				EA4FABB8171DB69500410870 /* MotoTracking */,
			);
		};
/* End PBXProject section */

/* Begin PBXResourcesBuildPhase section */
		EA4FABB7171DB69500410870 /* Resources */ = {
			isa = PBXResourcesBuildPhase;
			buildActionMask = 2147483647;
			files = (
				EA4FABC7171DB69500410870 /* InfoPlist.strings in Resources */,
				EA4FABCF171DB69500410870 /* Default.png in Resources */,
				EA4FABD1171DB69500410870 /* Default@2x.png in Resources */,
				EA4FABD3171DB69500410870 /* Default-568h@2x.png in Resources */,
				EA4FABD6171DB69500410870 /* MainStoryboard_iPhone.storyboard in Resources */,
				EA4FABD9171DB69500410870 /* MainStoryboard_iPad.storyboard in Resources */,
				EA42135F1722A793000BD5F8 /* AMB.png in Resources */,
				EA4213611722A793000BD5F8 /* DCO.png in Resources */,
				EA4213631722A793000BD5F8 /* GAF.png in Resources */,
				EA4213641722A793000BD5F8 /* GAI.png in Resources */,
				EA13EC3717259B4400CC37DC /* mtxLoginViewController.xib in Resources */,
				EA13EC3917259D1200CC37DC /* Logo.png in Resources */,
				EA1B67DC17280ADA001458CD /* MOT.png in Resources */,
				EA1B67DE17284A1D001458CD /* Icon_57.png in Resources */,
				EA1B67E017284A51001458CD /* Icon_114.png in Resources */,
				EA1B67E3172AD8B4001458CD /* Lock.png in Resources */,
				EA04BDD5172E8BEA00ED8235 /* LockOpen.png in Resources */,
				EA04BDD9172E917100ED8235 /* Clock.png in Resources */,
				EA724177173844EC004FF8D7 /* .gitignore in Resources */,
				EACC22B5173D0342002E70E1 /* SIG0.png in Resources */,
				EACC22B6173D0342002E70E1 /* SIG1.png in Resources */,
				EACC22B7173D0342002E70E1 /* SIG2.png in Resources */,
				EACC22B8173D0342002E70E1 /* SIG3.png in Resources */,
				EACC22B9173D0342002E70E1 /* SIG4.png in Resources */,
				EACC22BA173D0342002E70E1 /* SIG5.png in Resources */,
				EADBDE8A1742E00A005E1CFB /* SELF.png in Resources */,
				EA8FCE38174625860028F84D /* TG_CIC.png in Resources */,
			);
			runOnlyForDeploymentPostprocessing = 0;
		};
/* End PBXResourcesBuildPhase section */

/* Begin PBXShellScriptBuildPhase section */
		EACC22BB173D5D2B002E70E1 /* ShellScript */ = {
			isa = PBXShellScriptBuildPhase;
			buildActionMask = 2147483647;
			files = (
			);
			inputPaths = (
			);
			outputPaths = (
			);
			runOnlyForDeploymentPostprocessing = 0;
			shellPath = /bin/sh;
			shellScript = "#!/bin/bash\nbN=$(/usr/libexec/PlistBuddy -c \"Print CFBundleVersion\" \"$INFOPLIST_FILE\")\nbN=$((0x$bN))\nbN=$(($bN + 1))\nbN=$(printf \"%X\" $bN)\n/usr/libexec/PlistBuddy -c \"Set :CFBundleVersion $bN\" \"$INFOPLIST_FILE\"";
		};
/* End PBXShellScriptBuildPhase section */

/* Begin PBXSourcesBuildPhase section */
		EA4FABB5171DB69500410870 /* Sources */ = {
			isa = PBXSourcesBuildPhase;
			buildActionMask = 2147483647;
			files = (
				EA13EC321725869F00CC37DC /* RemoteConnector.m in Sources */,
				EA13EC2017254C2100CC37DC /* mtxMapViewAnnotation.m in Sources */,
				EA4FABC9171DB69500410870 /* main.m in Sources */,
				EA4FABCD171DB69500410870 /* mtxAppDelegate.m in Sources */,
				EA4FABDC171DB69500410870 /* mtxViewController.m in Sources */,
				EA13EC2417254CCD00CC37DC /* RXMLElement.m in Sources */,
				EA13EC2B172574AB00CC37DC /* mtxSessionManager.m in Sources */,
				EA13EC3617259B4400CC37DC /* mtxLoginViewController.m in Sources */,
				EA13EC3E17268E0300CC37DC /* mtxLoggedUser.m in Sources */,
				EA55584C1727BC3900DE711E /* mtxTrackings.m in Sources */,
				EA880104173A666000B22310 /* NIActions.m in Sources */,
				EA880105173A666000B22310 /* NIBadgeView.m in Sources */,
				EA880106173A666000B22310 /* NIButtonUtilities.m in Sources */,
				EA880107173A666000B22310 /* NICommonMetrics.m in Sources */,
				EA880108173A666000B22310 /* NIDataStructures.m in Sources */,
				EA880109173A666000B22310 /* NIDebuggingTools.m in Sources */,
				EA88010A173A666000B22310 /* NIDeviceOrientation.m in Sources */,
				EA88010B173A666000B22310 /* NIError.m in Sources */,
				EA88010C173A666000B22310 /* NIFoundationMethods.m in Sources */,
				EA88010D173A666000B22310 /* NIImageUtilities.m in Sources */,
				EA88010E173A666000B22310 /* NIInMemoryCache.m in Sources */,
				EA88010F173A666000B22310 /* NIInvocationMethods.m in Sources */,
				EA880110173A666000B22310 /* NINavigationAppearance.m in Sources */,
				EA880111173A666000B22310 /* NINetworkActivity.m in Sources */,
				EA880112173A666000B22310 /* NINonEmptyCollectionTesting.m in Sources */,
				EA880113173A666000B22310 /* NINonRetainingCollections.m in Sources */,
				EA880114173A666000B22310 /* NIOperations.m in Sources */,
				EA880115173A666000B22310 /* NIPaths.m in Sources */,
				EA880116173A666000B22310 /* NIRuntimeClassModifications.m in Sources */,
				EA880117173A666000B22310 /* NISDKAvailability.m in Sources */,
				EA880118173A666000B22310 /* NISnapshotRotation.m in Sources */,
				EA880119173A666000B22310 /* NIState.m in Sources */,
				EA88011A173A666000B22310 /* NIViewRecycler.m in Sources */,
				EA88011B173A666000B22310 /* NSString+NimbusCore.m in Sources */,
				EADBDE8D1744DA3D005E1CFB /* mtxLiveRace.m in Sources */,
			);
			runOnlyForDeploymentPostprocessing = 0;
		};
/* End PBXSourcesBuildPhase section */

/* Begin PBXVariantGroup section */
		EA4FABC5171DB69500410870 /* InfoPlist.strings */ = {
			isa = PBXVariantGroup;
			children = (
				EA4FABC6171DB69500410870 /* en */,
			);
			name = InfoPlist.strings;
			sourceTree = "<group>";
		};
		EA4FABD4171DB69500410870 /* MainStoryboard_iPhone.storyboard */ = {
			isa = PBXVariantGroup;
			children = (
				EA4FABD5171DB69500410870 /* en */,
			);
			name = MainStoryboard_iPhone.storyboard;
			sourceTree = "<group>";
		};
		EA4FABD7171DB69500410870 /* MainStoryboard_iPad.storyboard */ = {
			isa = PBXVariantGroup;
			children = (
				EA4FABD8171DB69500410870 /* en */,
			);
			name = MainStoryboard_iPad.storyboard;
			sourceTree = "<group>";
		};
/* End PBXVariantGroup section */

/* Begin XCBuildConfiguration section */
		EA4FABDD171DB69500410870 /* Debug */ = {
			isa = XCBuildConfiguration;
			buildSettings = {
				ALWAYS_SEARCH_USER_PATHS = NO;
				CLANG_CXX_LANGUAGE_STANDARD = "gnu++0x";
				CLANG_CXX_LIBRARY = "libc++";
				CLANG_ENABLE_OBJC_ARC = YES;
				CLANG_WARN_CONSTANT_CONVERSION = YES;
				CLANG_WARN_EMPTY_BODY = YES;
				CLANG_WARN_ENUM_CONVERSION = YES;
				CLANG_WARN_INT_CONVERSION = YES;
				CLANG_WARN__DUPLICATE_METHOD_MATCH = YES;
				"CODE_SIGN_IDENTITY[sdk=iphoneos*]" = "iPhone Developer";
				COPY_PHASE_STRIP = NO;
				GCC_C_LANGUAGE_STANDARD = gnu99;
				GCC_DYNAMIC_NO_PIC = NO;
				GCC_OPTIMIZATION_LEVEL = 0;
				GCC_PREPROCESSOR_DEFINITIONS = (
					"DEBUG=1",
					"$(inherited)",
				);
				GCC_SYMBOLS_PRIVATE_EXTERN = NO;
				GCC_WARN_ABOUT_RETURN_TYPE = YES;
				GCC_WARN_UNINITIALIZED_AUTOS = YES;
				GCC_WARN_UNUSED_VARIABLE = YES;
				IPHONEOS_DEPLOYMENT_TARGET = 6.1;
				ONLY_ACTIVE_ARCH = YES;
				SDKROOT = iphoneos;
				TARGETED_DEVICE_FAMILY = "1,2";
			};
			name = Debug;
		};
		EA4FABDE171DB69500410870 /* Release */ = {
			isa = XCBuildConfiguration;
			buildSettings = {
				ALWAYS_SEARCH_USER_PATHS = NO;
				CLANG_CXX_LANGUAGE_STANDARD = "gnu++0x";
				CLANG_CXX_LIBRARY = "libc++";
				CLANG_ENABLE_OBJC_ARC = YES;
				CLANG_WARN_CONSTANT_CONVERSION = YES;
				CLANG_WARN_EMPTY_BODY = YES;
				CLANG_WARN_ENUM_CONVERSION = YES;
				CLANG_WARN_INT_CONVERSION = YES;
				CLANG_WARN__DUPLICATE_METHOD_MATCH = YES;
				"CODE_SIGN_IDENTITY[sdk=iphoneos*]" = "iPhone Developer";
				COPY_PHASE_STRIP = YES;
				GCC_C_LANGUAGE_STANDARD = gnu99;
				GCC_WARN_ABOUT_RETURN_TYPE = YES;
				GCC_WARN_UNINITIALIZED_AUTOS = YES;
				GCC_WARN_UNUSED_VARIABLE = YES;
				IPHONEOS_DEPLOYMENT_TARGET = 6.1;
				OTHER_CFLAGS = "-DNS_BLOCK_ASSERTIONS=1";
				SDKROOT = iphoneos;
				TARGETED_DEVICE_FAMILY = "1,2";
				VALIDATE_PRODUCT = YES;
			};
			name = Release;
		};
		EA4FABE0171DB69500410870 /* Debug */ = {
			isa = XCBuildConfiguration;
			buildSettings = {
				GCC_PRECOMPILE_PREFIX_HEADER = YES;
				GCC_PREFIX_HEADER = "MotoTracking/MotoTracking-Prefix.pch";
				HEADER_SEARCH_PATHS = "\"$(SDK_DIR)\"/usr/include/libxml2";
				INFOPLIST_FILE = "MotoTracking/MotoTracking-Info.plist";
				LIBRARY_SEARCH_PATHS = (
					"$(inherited)",
					"\"$(SRCROOT)\"",
					"\"$(SRCROOT)/Nimbus/badge\"",
				);
				PRODUCT_NAME = "$(TARGET_NAME)";
				USER_HEADER_SEARCH_PATHS = "";
				VALID_ARCHS = "$(ARCHS_STANDARD_32_BIT)";
				WRAPPER_EXTENSION = app;
			};
			name = Debug;
		};
		EA4FABE1171DB69500410870 /* Release */ = {
			isa = XCBuildConfiguration;
			buildSettings = {
				GCC_PRECOMPILE_PREFIX_HEADER = YES;
				GCC_PREFIX_HEADER = "MotoTracking/MotoTracking-Prefix.pch";
				HEADER_SEARCH_PATHS = "\"$(SDK_DIR)\"/usr/include/libxml2";
				INFOPLIST_FILE = "MotoTracking/MotoTracking-Info.plist";
				LIBRARY_SEARCH_PATHS = (
					"$(inherited)",
					"\"$(SRCROOT)\"",
					"\"$(SRCROOT)/Nimbus/badge\"",
				);
				PRODUCT_NAME = "$(TARGET_NAME)";
				USER_HEADER_SEARCH_PATHS = "";
				VALID_ARCHS = "$(ARCHS_STANDARD_32_BIT)";
				WRAPPER_EXTENSION = app;
			};
			name = Release;
		};
/* End XCBuildConfiguration section */

/* Begin XCConfigurationList section */
		EA4FABB4171DB69500410870 /* Build configuration list for PBXProject "MotoTracking" */ = {
			isa = XCConfigurationList;
			buildConfigurations = (
				EA4FABDD171DB69500410870 /* Debug */,
				EA4FABDE171DB69500410870 /* Release */,
			);
			defaultConfigurationIsVisible = 0;
			defaultConfigurationName = Release;
		};
		EA4FABDF171DB69500410870 /* Build configuration list for PBXNativeTarget "MotoTracking" */ = {
			isa = XCConfigurationList;
			buildConfigurations = (
				EA4FABE0171DB69500410870 /* Debug */,
				EA4FABE1171DB69500410870 /* Release */,
			);
			defaultConfigurationIsVisible = 0;
			defaultConfigurationName = Release;
		};
/* End XCConfigurationList section */
	};
	rootObject = EA4FABB1171DB69500410870 /* Project object */;
}
